// !$*UTF8*$!
{
	archiveVersion = 1;
	classes = {
	};
	objectVersion = 56;
	objects = {

/* Begin PBXBuildFile section */
		6E93BDBB2BB4819500319B08 /* .gitignore in Resources */ = {isa = PBXBuildFile; fileRef = 6E93BDBA2BB4819500319B08 /* .gitignore */; };
		6E93BDBF2BB4838400319B08 /* GoogleService-Info.plist in Resources */ = {isa = PBXBuildFile; fileRef = 6E93BDBE2BB4838400319B08 /* GoogleService-Info.plist */; };
		6E93BDC22BB50FF600319B08 /* FirebaseAnalytics in Frameworks */ = {isa = PBXBuildFile; productRef = 6E93BDC12BB50FF600319B08 /* FirebaseAnalytics */; };
		6E93BDC42BB50FF600319B08 /* FirebaseAnalyticsOnDeviceConversion in Frameworks */ = {isa = PBXBuildFile; productRef = 6E93BDC32BB50FF600319B08 /* FirebaseAnalyticsOnDeviceConversion */; };
		6E93BDC62BB50FF600319B08 /* FirebaseAppCheck in Frameworks */ = {isa = PBXBuildFile; productRef = 6E93BDC52BB50FF600319B08 /* FirebaseAppCheck */; };
		6E93BDC82BB50FF600319B08 /* FirebaseAuth in Frameworks */ = {isa = PBXBuildFile; productRef = 6E93BDC72BB50FF600319B08 /* FirebaseAuth */; };
		6E93BDCA2BB50FF600319B08 /* FirebaseFirestore in Frameworks */ = {isa = PBXBuildFile; productRef = 6E93BDC92BB50FF600319B08 /* FirebaseFirestore */; };
		6EAB1CF52BB621D10092A990 /* LoginView.swift in Sources */ = {isa = PBXBuildFile; fileRef = 6EAB1CF42BB621D10092A990 /* LoginView.swift */; };
		6EAB1CF72BB638AD0092A990 /* HeaderView.swift in Sources */ = {isa = PBXBuildFile; fileRef = 6EAB1CF62BB638AD0092A990 /* HeaderView.swift */; };
		6EAB1CF92BB6677F0092A990 /* RegisterView.swift in Sources */ = {isa = PBXBuildFile; fileRef = 6EAB1CF82BB6677F0092A990 /* RegisterView.swift */; };
		6EAB1CFB2BB885ED0092A990 /* TLButton.swift in Sources */ = {isa = PBXBuildFile; fileRef = 6EAB1CFA2BB885ED0092A990 /* TLButton.swift */; };
		6EAB1CFD2BB8A03C0092A990 /* LoginViewModel.swift in Sources */ = {isa = PBXBuildFile; fileRef = 6EAB1CFC2BB8A03B0092A990 /* LoginViewModel.swift */; };
		6EAB1CFF2BB8AA760092A990 /* RegisterViewModel.swift in Sources */ = {isa = PBXBuildFile; fileRef = 6EAB1CFE2BB8AA760092A990 /* RegisterViewModel.swift */; };
		6EAB1D032BB8B39D0092A990 /* User.swift in Sources */ = {isa = PBXBuildFile; fileRef = 6EAB1D022BB8B39D0092A990 /* User.swift */; };
		6EAB1D052BB8B5E10092A990 /* Extensions.swift in Sources */ = {isa = PBXBuildFile; fileRef = 6EAB1D042BB8B5E10092A990 /* Extensions.swift */; };
		6EAB1D072BB8B8B00092A990 /* ContentViewModel.swift in Sources */ = {isa = PBXBuildFile; fileRef = 6EAB1D062BB8B8B00092A990 /* ContentViewModel.swift */; };
		6EAB1D092BB8BAE60092A990 /* ToDoListView.swift in Sources */ = {isa = PBXBuildFile; fileRef = 6EAB1D082BB8BAE60092A990 /* ToDoListView.swift */; };
		6EFBEEFD2BB3D8CD007944A5 /* To_Do_List_AppApp.swift in Sources */ = {isa = PBXBuildFile; fileRef = 6EFBEEFC2BB3D8CD007944A5 /* To_Do_List_AppApp.swift */; };
		6EFBEEFF2BB3D8CD007944A5 /* ContentView.swift in Sources */ = {isa = PBXBuildFile; fileRef = 6EFBEEFE2BB3D8CD007944A5 /* ContentView.swift */; };
		6EFBEF012BB3D8CF007944A5 /* Assets.xcassets in Resources */ = {isa = PBXBuildFile; fileRef = 6EFBEF002BB3D8CF007944A5 /* Assets.xcassets */; };
		6EFBEF042BB3D8CF007944A5 /* Preview Assets.xcassets in Resources */ = {isa = PBXBuildFile; fileRef = 6EFBEF032BB3D8CF007944A5 /* Preview Assets.xcassets */; };
/* End PBXBuildFile section */

/* Begin PBXFileReference section */
		6E93BDBA2BB4819500319B08 /* .gitignore */ = {isa = PBXFileReference; lastKnownFileType = text; path = .gitignore; sourceTree = "<group>"; };
		6E93BDBE2BB4838400319B08 /* GoogleService-Info.plist */ = {isa = PBXFileReference; fileEncoding = 4; lastKnownFileType = text.plist.xml; name = "GoogleService-Info.plist"; path = "To-Do List App/Other/GoogleService-Info.plist"; sourceTree = SOURCE_ROOT; };
		6EAB1CF42BB621D10092A990 /* LoginView.swift */ = {isa = PBXFileReference; lastKnownFileType = sourcecode.swift; path = LoginView.swift; sourceTree = "<group>"; };
		6EAB1CF62BB638AD0092A990 /* HeaderView.swift */ = {isa = PBXFileReference; lastKnownFileType = sourcecode.swift; path = HeaderView.swift; sourceTree = "<group>"; };
		6EAB1CF82BB6677F0092A990 /* RegisterView.swift */ = {isa = PBXFileReference; lastKnownFileType = sourcecode.swift; path = RegisterView.swift; sourceTree = "<group>"; };
		6EAB1CFA2BB885ED0092A990 /* TLButton.swift */ = {isa = PBXFileReference; lastKnownFileType = sourcecode.swift; path = TLButton.swift; sourceTree = "<group>"; };
		6EAB1CFC2BB8A03B0092A990 /* LoginViewModel.swift */ = {isa = PBXFileReference; lastKnownFileType = sourcecode.swift; path = LoginViewModel.swift; sourceTree = "<group>"; };
		6EAB1CFE2BB8AA760092A990 /* RegisterViewModel.swift */ = {isa = PBXFileReference; lastKnownFileType = sourcecode.swift; path = RegisterViewModel.swift; sourceTree = "<group>"; };
		6EAB1D022BB8B39D0092A990 /* User.swift */ = {isa = PBXFileReference; lastKnownFileType = sourcecode.swift; path = User.swift; sourceTree = "<group>"; };
		6EAB1D042BB8B5E10092A990 /* Extensions.swift */ = {isa = PBXFileReference; lastKnownFileType = sourcecode.swift; path = Extensions.swift; sourceTree = "<group>"; };
		6EAB1D062BB8B8B00092A990 /* ContentViewModel.swift */ = {isa = PBXFileReference; lastKnownFileType = sourcecode.swift; path = ContentViewModel.swift; sourceTree = "<group>"; };
		6EAB1D082BB8BAE60092A990 /* ToDoListView.swift */ = {isa = PBXFileReference; lastKnownFileType = sourcecode.swift; path = ToDoListView.swift; sourceTree = "<group>"; };
		6EFBEEF92BB3D8CD007944A5 /* To-Do List App.app */ = {isa = PBXFileReference; explicitFileType = wrapper.application; includeInIndex = 0; path = "To-Do List App.app"; sourceTree = BUILT_PRODUCTS_DIR; };
		6EFBEEFC2BB3D8CD007944A5 /* To_Do_List_AppApp.swift */ = {isa = PBXFileReference; lastKnownFileType = sourcecode.swift; path = To_Do_List_AppApp.swift; sourceTree = "<group>"; };
		6EFBEEFE2BB3D8CD007944A5 /* ContentView.swift */ = {isa = PBXFileReference; lastKnownFileType = sourcecode.swift; path = ContentView.swift; sourceTree = "<group>"; };
		6EFBEF002BB3D8CF007944A5 /* Assets.xcassets */ = {isa = PBXFileReference; lastKnownFileType = folder.assetcatalog; path = Assets.xcassets; sourceTree = "<group>"; };
		6EFBEF032BB3D8CF007944A5 /* Preview Assets.xcassets */ = {isa = PBXFileReference; lastKnownFileType = folder.assetcatalog; path = "Preview Assets.xcassets"; sourceTree = "<group>"; };
/* End PBXFileReference section */

/* Begin PBXFrameworksBuildPhase section */
		6EFBEEF62BB3D8CD007944A5 /* Frameworks */ = {
			isa = PBXFrameworksBuildPhase;
			buildActionMask = 2147483647;
			files = (
				6E93BDC22BB50FF600319B08 /* FirebaseAnalytics in Frameworks */,
				6E93BDC62BB50FF600319B08 /* FirebaseAppCheck in Frameworks */,
				6E93BDC42BB50FF600319B08 /* FirebaseAnalyticsOnDeviceConversion in Frameworks */,
				6E93BDCA2BB50FF600319B08 /* FirebaseFirestore in Frameworks */,
				6E93BDC82BB50FF600319B08 /* FirebaseAuth in Frameworks */,
			);
			runOnlyForDeploymentPostprocessing = 0;
		};
/* End PBXFrameworksBuildPhase section */

/* Begin PBXGroup section */
		6E93BDC02BB50FE600319B08 /* Frameworks */ = {
			isa = PBXGroup;
			children = (
			);
			name = Frameworks;
			sourceTree = "<group>";
		};
		6E93BDCB2BB5104F00319B08 /* View */ = {
			isa = PBXGroup;
			children = (
				6EFBEEFE2BB3D8CD007944A5 /* ContentView.swift */,
				6EAB1CF42BB621D10092A990 /* LoginView.swift */,
				6EAB1CF62BB638AD0092A990 /* HeaderView.swift */,
				6EAB1CF82BB6677F0092A990 /* RegisterView.swift */,
				6EAB1CFA2BB885ED0092A990 /* TLButton.swift */,
				6EAB1D082BB8BAE60092A990 /* ToDoListView.swift */,
			);
			path = View;
			sourceTree = "<group>";
		};
		6E93BDCC2BB5105500319B08 /* View Models */ = {
			isa = PBXGroup;
			children = (
				6EAB1CFC2BB8A03B0092A990 /* LoginViewModel.swift */,
				6EAB1CFE2BB8AA760092A990 /* RegisterViewModel.swift */,
				6EAB1D062BB8B8B00092A990 /* ContentViewModel.swift */,
			);
			path = "View Models";
			sourceTree = "<group>";
		};
		6E93BDCD2BB5106400319B08 /* Models */ = {
			isa = PBXGroup;
			children = (
				6EAB1D022BB8B39D0092A990 /* User.swift */,
			);
			path = Models;
			sourceTree = "<group>";
		};
		6E93BDCF2BB5107500319B08 /* Other */ = {
			isa = PBXGroup;
			children = (
				6E93BDBA2BB4819500319B08 /* .gitignore */,
				6EFBEF002BB3D8CF007944A5 /* Assets.xcassets */,
				6E93BDBE2BB4838400319B08 /* GoogleService-Info.plist */,
				6EFBEEFC2BB3D8CD007944A5 /* To_Do_List_AppApp.swift */,
				6EAB1D042BB8B5E10092A990 /* Extensions.swift */,
			);
			path = Other;
			sourceTree = "<group>";
		};
		6EFBEEF02BB3D8CD007944A5 = {
			isa = PBXGroup;
			children = (
				6EFBEEFB2BB3D8CD007944A5 /* To-Do List App */,
				6EFBEEFA2BB3D8CD007944A5 /* Products */,
				6E93BDC02BB50FE600319B08 /* Frameworks */,
			);
			sourceTree = "<group>";
		};
		6EFBEEFA2BB3D8CD007944A5 /* Products */ = {
			isa = PBXGroup;
			children = (
				6EFBEEF92BB3D8CD007944A5 /* To-Do List App.app */,
			);
			name = Products;
			sourceTree = "<group>";
		};
		6EFBEEFB2BB3D8CD007944A5 /* To-Do List App */ = {
			isa = PBXGroup;
			children = (
				6E93BDCF2BB5107500319B08 /* Other */,
				6E93BDCD2BB5106400319B08 /* Models */,
				6E93BDCC2BB5105500319B08 /* View Models */,
				6E93BDCB2BB5104F00319B08 /* View */,
				6EFBEF022BB3D8CF007944A5 /* Preview Content */,
			);
			path = "To-Do List App";
			sourceTree = "<group>";
		};
		6EFBEF022BB3D8CF007944A5 /* Preview Content */ = {
			isa = PBXGroup;
			children = (
				6EFBEF032BB3D8CF007944A5 /* Preview Assets.xcassets */,
			);
			path = "Preview Content";
			sourceTree = "<group>";
		};
/* End PBXGroup section */

/* Begin PBXNativeTarget section */
		6EFBEEF82BB3D8CD007944A5 /* To-Do List App */ = {
			isa = PBXNativeTarget;
			buildConfigurationList = 6EFBEF072BB3D8CF007944A5 /* Build configuration list for PBXNativeTarget "To-Do List App" */;
			buildPhases = (
				6EFBEEF52BB3D8CD007944A5 /* Sources */,
				6EFBEEF62BB3D8CD007944A5 /* Frameworks */,
				6EFBEEF72BB3D8CD007944A5 /* Resources */,
			);
			buildRules = (
			);
			dependencies = (
			);
			name = "To-Do List App";
			packageProductDependencies = (
				6E93BDC12BB50FF600319B08 /* FirebaseAnalytics */,
				6E93BDC32BB50FF600319B08 /* FirebaseAnalyticsOnDeviceConversion */,
				6E93BDC52BB50FF600319B08 /* FirebaseAppCheck */,
				6E93BDC72BB50FF600319B08 /* FirebaseAuth */,
				6E93BDC92BB50FF600319B08 /* FirebaseFirestore */,
			);
			productName = "To-Do List App";
			productReference = 6EFBEEF92BB3D8CD007944A5 /* To-Do List App.app */;
			productType = "com.apple.product-type.application";
		};
/* End PBXNativeTarget section */

/* Begin PBXProject section */
		6EFBEEF12BB3D8CD007944A5 /* Project object */ = {
			isa = PBXProject;
			attributes = {
				BuildIndependentTargetsInParallel = 1;
				LastSwiftUpdateCheck = 1530;
				LastUpgradeCheck = 1530;
				TargetAttributes = {
					6EFBEEF82BB3D8CD007944A5 = {
						CreatedOnToolsVersion = 15.3;
					};
				};
			};
			buildConfigurationList = 6EFBEEF42BB3D8CD007944A5 /* Build configuration list for PBXProject "To-Do List App" */;
			compatibilityVersion = "Xcode 14.0";
			developmentRegion = en;
			hasScannedForEncodings = 0;
			knownRegions = (
				en,
				Base,
			);
			mainGroup = 6EFBEEF02BB3D8CD007944A5;
			packageReferences = (
				6EFBEF0A2BB3D93A007944A5 /* XCRemoteSwiftPackageReference "firebase-ios-sdk" */,
			);
			productRefGroup = 6EFBEEFA2BB3D8CD007944A5 /* Products */;
			projectDirPath = "";
			projectRoot = "";
			targets = (
				6EFBEEF82BB3D8CD007944A5 /* To-Do List App */,
			);
		};
/* End PBXProject section */

/* Begin PBXResourcesBuildPhase section */
		6EFBEEF72BB3D8CD007944A5 /* Resources */ = {
			isa = PBXResourcesBuildPhase;
			buildActionMask = 2147483647;
			files = (
				6EFBEF042BB3D8CF007944A5 /* Preview Assets.xcassets in Resources */,
				6E93BDBF2BB4838400319B08 /* GoogleService-Info.plist in Resources */,
				6E93BDBB2BB4819500319B08 /* .gitignore in Resources */,
				6EFBEF012BB3D8CF007944A5 /* Assets.xcassets in Resources */,
			);
			runOnlyForDeploymentPostprocessing = 0;
		};
/* End PBXResourcesBuildPhase section */

/* Begin PBXSourcesBuildPhase section */
		6EFBEEF52BB3D8CD007944A5 /* Sources */ = {
			isa = PBXSourcesBuildPhase;
			buildActionMask = 2147483647;
			files = (
				6EAB1CF52BB621D10092A990 /* LoginView.swift in Sources */,
				6EAB1CFB2BB885ED0092A990 /* TLButton.swift in Sources */,
				6EAB1CF92BB6677F0092A990 /* RegisterView.swift in Sources */,
				6EAB1CFF2BB8AA760092A990 /* RegisterViewModel.swift in Sources */,
				6EFBEEFF2BB3D8CD007944A5 /* ContentView.swift in Sources */,
				6EAB1D052BB8B5E10092A990 /* Extensions.swift in Sources */,
				6EAB1D092BB8BAE60092A990 /* ToDoListView.swift in Sources */,
				6EAB1D032BB8B39D0092A990 /* User.swift in Sources */,
				6EAB1D072BB8B8B00092A990 /* ContentViewModel.swift in Sources */,
				6EFBEEFD2BB3D8CD007944A5 /* To_Do_List_AppApp.swift in Sources */,
				6EAB1CF72BB638AD0092A990 /* HeaderView.swift in Sources */,
				6EAB1CFD2BB8A03C0092A990 /* LoginViewModel.swift in Sources */,
			);
			runOnlyForDeploymentPostprocessing = 0;
		};
/* End PBXSourcesBuildPhase section */

/* Begin XCBuildConfiguration section */
		6EFBEF052BB3D8CF007944A5 /* Debug */ = {
			isa = XCBuildConfiguration;
			buildSettings = {
				ALWAYS_SEARCH_USER_PATHS = NO;
				ASSETCATALOG_COMPILER_GENERATE_SWIFT_ASSET_SYMBOL_EXTENSIONS = YES;
				CLANG_ANALYZER_NONNULL = YES;
				CLANG_ANALYZER_NUMBER_OBJECT_CONVERSION = YES_AGGRESSIVE;
				CLANG_CXX_LANGUAGE_STANDARD = "gnu++20";
				CLANG_ENABLE_MODULES = YES;
				CLANG_ENABLE_OBJC_ARC = YES;
				CLANG_ENABLE_OBJC_WEAK = YES;
				CLANG_WARN_BLOCK_CAPTURE_AUTORELEASING = YES;
				CLANG_WARN_BOOL_CONVERSION = YES;
				CLANG_WARN_COMMA = YES;
				CLANG_WARN_CONSTANT_CONVERSION = YES;
				CLANG_WARN_DEPRECATED_OBJC_IMPLEMENTATIONS = YES;
				CLANG_WARN_DIRECT_OBJC_ISA_USAGE = YES_ERROR;
				CLANG_WARN_DOCUMENTATION_COMMENTS = YES;
				CLANG_WARN_EMPTY_BODY = YES;
				CLANG_WARN_ENUM_CONVERSION = YES;
				CLANG_WARN_INFINITE_RECURSION = YES;
				CLANG_WARN_INT_CONVERSION = YES;
				CLANG_WARN_NON_LITERAL_NULL_CONVERSION = YES;
				CLANG_WARN_OBJC_IMPLICIT_RETAIN_SELF = YES;
				CLANG_WARN_OBJC_LITERAL_CONVERSION = YES;
				CLANG_WARN_OBJC_ROOT_CLASS = YES_ERROR;
				CLANG_WARN_QUOTED_INCLUDE_IN_FRAMEWORK_HEADER = YES;
				CLANG_WARN_RANGE_LOOP_ANALYSIS = YES;
				CLANG_WARN_STRICT_PROTOTYPES = YES;
				CLANG_WARN_SUSPICIOUS_MOVE = YES;
				CLANG_WARN_UNGUARDED_AVAILABILITY = YES_AGGRESSIVE;
				CLANG_WARN_UNREACHABLE_CODE = YES;
				CLANG_WARN__DUPLICATE_METHOD_MATCH = YES;
				COPY_PHASE_STRIP = NO;
				DEBUG_INFORMATION_FORMAT = dwarf;
				ENABLE_STRICT_OBJC_MSGSEND = YES;
				ENABLE_TESTABILITY = YES;
				ENABLE_USER_SCRIPT_SANDBOXING = YES;
				GCC_C_LANGUAGE_STANDARD = gnu17;
				GCC_DYNAMIC_NO_PIC = NO;
				GCC_NO_COMMON_BLOCKS = YES;
				GCC_OPTIMIZATION_LEVEL = 0;
				GCC_PREPROCESSOR_DEFINITIONS = (
					"DEBUG=1",
					"$(inherited)",
				);
				GCC_WARN_64_TO_32_BIT_CONVERSION = YES;
				GCC_WARN_ABOUT_RETURN_TYPE = YES_ERROR;
				GCC_WARN_UNDECLARED_SELECTOR = YES;
				GCC_WARN_UNINITIALIZED_AUTOS = YES_AGGRESSIVE;
				GCC_WARN_UNUSED_FUNCTION = YES;
				GCC_WARN_UNUSED_VARIABLE = YES;
				IPHONEOS_DEPLOYMENT_TARGET = 17.4;
				LOCALIZATION_PREFERS_STRING_CATALOGS = YES;
				MTL_ENABLE_DEBUG_INFO = INCLUDE_SOURCE;
				MTL_FAST_MATH = YES;
				ONLY_ACTIVE_ARCH = YES;
				SDKROOT = iphoneos;
				SWIFT_ACTIVE_COMPILATION_CONDITIONS = "DEBUG $(inherited)";
				SWIFT_OPTIMIZATION_LEVEL = "-Onone";
			};
			name = Debug;
		};
		6EFBEF062BB3D8CF007944A5 /* Release */ = {
			isa = XCBuildConfiguration;
			buildSettings = {
				ALWAYS_SEARCH_USER_PATHS = NO;
				ASSETCATALOG_COMPILER_GENERATE_SWIFT_ASSET_SYMBOL_EXTENSIONS = YES;
				CLANG_ANALYZER_NONNULL = YES;
				CLANG_ANALYZER_NUMBER_OBJECT_CONVERSION = YES_AGGRESSIVE;
				CLANG_CXX_LANGUAGE_STANDARD = "gnu++20";
				CLANG_ENABLE_MODULES = YES;
				CLANG_ENABLE_OBJC_ARC = YES;
				CLANG_ENABLE_OBJC_WEAK = YES;
				CLANG_WARN_BLOCK_CAPTURE_AUTORELEASING = YES;
				CLANG_WARN_BOOL_CONVERSION = YES;
				CLANG_WARN_COMMA = YES;
				CLANG_WARN_CONSTANT_CONVERSION = YES;
				CLANG_WARN_DEPRECATED_OBJC_IMPLEMENTATIONS = YES;
				CLANG_WARN_DIRECT_OBJC_ISA_USAGE = YES_ERROR;
				CLANG_WARN_DOCUMENTATION_COMMENTS = YES;
				CLANG_WARN_EMPTY_BODY = YES;
				CLANG_WARN_ENUM_CONVERSION = YES;
				CLANG_WARN_INFINITE_RECURSION = YES;
				CLANG_WARN_INT_CONVERSION = YES;
				CLANG_WARN_NON_LITERAL_NULL_CONVERSION = YES;
				CLANG_WARN_OBJC_IMPLICIT_RETAIN_SELF = YES;
				CLANG_WARN_OBJC_LITERAL_CONVERSION = YES;
				CLANG_WARN_OBJC_ROOT_CLASS = YES_ERROR;
				CLANG_WARN_QUOTED_INCLUDE_IN_FRAMEWORK_HEADER = YES;
				CLANG_WARN_RANGE_LOOP_ANALYSIS = YES;
				CLANG_WARN_STRICT_PROTOTYPES = YES;
				CLANG_WARN_SUSPICIOUS_MOVE = YES;
				CLANG_WARN_UNGUARDED_AVAILABILITY = YES_AGGRESSIVE;
				CLANG_WARN_UNREACHABLE_CODE = YES;
				CLANG_WARN__DUPLICATE_METHOD_MATCH = YES;
				COPY_PHASE_STRIP = NO;
				DEBUG_INFORMATION_FORMAT = "dwarf-with-dsym";
				ENABLE_NS_ASSERTIONS = NO;
				ENABLE_STRICT_OBJC_MSGSEND = YES;
				ENABLE_USER_SCRIPT_SANDBOXING = YES;
				GCC_C_LANGUAGE_STANDARD = gnu17;
				GCC_NO_COMMON_BLOCKS = YES;
				GCC_WARN_64_TO_32_BIT_CONVERSION = YES;
				GCC_WARN_ABOUT_RETURN_TYPE = YES_ERROR;
				GCC_WARN_UNDECLARED_SELECTOR = YES;
				GCC_WARN_UNINITIALIZED_AUTOS = YES_AGGRESSIVE;
				GCC_WARN_UNUSED_FUNCTION = YES;
				GCC_WARN_UNUSED_VARIABLE = YES;
				IPHONEOS_DEPLOYMENT_TARGET = 17.4;
				LOCALIZATION_PREFERS_STRING_CATALOGS = YES;
				MTL_ENABLE_DEBUG_INFO = NO;
				MTL_FAST_MATH = YES;
				SDKROOT = iphoneos;
				SWIFT_COMPILATION_MODE = wholemodule;
				VALIDATE_PRODUCT = YES;
			};
			name = Release;
		};
		6EFBEF082BB3D8CF007944A5 /* Debug */ = {
			isa = XCBuildConfiguration;
			buildSettings = {
				ASSETCATALOG_COMPILER_APPICON_NAME = AppIcon;
				ASSETCATALOG_COMPILER_GLOBAL_ACCENT_COLOR_NAME = AccentColor;
				CODE_SIGN_STYLE = Automatic;
				CURRENT_PROJECT_VERSION = 1;
				DEVELOPMENT_ASSET_PATHS = "\"To-Do List App/Preview Content\"";
				DEVELOPMENT_TEAM = K7DCNZ28TM;
				ENABLE_PREVIEWS = YES;
				GENERATE_INFOPLIST_FILE = YES;
				INFOPLIST_KEY_CFBundleDisplayName = "To-Do List ";
				INFOPLIST_KEY_UIApplicationSceneManifest_Generation = YES;
				INFOPLIST_KEY_UIApplicationSupportsIndirectInputEvents = YES;
				INFOPLIST_KEY_UILaunchScreen_Generation = YES;
				INFOPLIST_KEY_UISupportedInterfaceOrientations = UIInterfaceOrientationPortrait;
				INFOPLIST_KEY_UISupportedInterfaceOrientations_iPad = "UIInterfaceOrientationLandscapeLeft UIInterfaceOrientationLandscapeRight UIInterfaceOrientationPortrait";
				LD_RUNPATH_SEARCH_PATHS = (
					"$(inherited)",
					"@executable_path/Frameworks",
				);
				MARKETING_VERSION = 1.0;
				PRODUCT_BUNDLE_IDENTIFIER = "Tanushree.To-Do-List-App";
				PRODUCT_NAME = "$(TARGET_NAME)";
				SWIFT_EMIT_LOC_STRINGS = YES;
				SWIFT_VERSION = 5.0;
				TARGETED_DEVICE_FAMILY = "1,2";
			};
			name = Debug;
		};
		6EFBEF092BB3D8CF007944A5 /* Release */ = {
			isa = XCBuildConfiguration;
			buildSettings = {
				ASSETCATALOG_COMPILER_APPICON_NAME = AppIcon;
				ASSETCATALOG_COMPILER_GLOBAL_ACCENT_COLOR_NAME = AccentColor;
				CODE_SIGN_STYLE = Automatic;
				CURRENT_PROJECT_VERSION = 1;
				DEVELOPMENT_ASSET_PATHS = "\"To-Do List App/Preview Content\"";
				DEVELOPMENT_TEAM = K7DCNZ28TM;
				ENABLE_PREVIEWS = YES;
				GENERATE_INFOPLIST_FILE = YES;
				INFOPLIST_KEY_CFBundleDisplayName = "To-Do List ";
				INFOPLIST_KEY_UIApplicationSceneManifest_Generation = YES;
				INFOPLIST_KEY_UIApplicationSupportsIndirectInputEvents = YES;
				INFOPLIST_KEY_UILaunchScreen_Generation = YES;
				INFOPLIST_KEY_UISupportedInterfaceOrientations = UIInterfaceOrientationPortrait;
				INFOPLIST_KEY_UISupportedInterfaceOrientations_iPad = "UIInterfaceOrientationLandscapeLeft UIInterfaceOrientationLandscapeRight UIInterfaceOrientationPortrait";
				LD_RUNPATH_SEARCH_PATHS = (
					"$(inherited)",
					"@executable_path/Frameworks",
				);
				MARKETING_VERSION = 1.0;
				PRODUCT_BUNDLE_IDENTIFIER = "Tanushree.To-Do-List-App";
				PRODUCT_NAME = "$(TARGET_NAME)";
				SWIFT_EMIT_LOC_STRINGS = YES;
				SWIFT_VERSION = 5.0;
				TARGETED_DEVICE_FAMILY = "1,2";
			};
			name = Release;
		};
/* End XCBuildConfiguration section */

/* Begin XCConfigurationList section */
		6EFBEEF42BB3D8CD007944A5 /* Build configuration list for PBXProject "To-Do List App" */ = {
			isa = XCConfigurationList;
			buildConfigurations = (
				6EFBEF052BB3D8CF007944A5 /* Debug */,
				6EFBEF062BB3D8CF007944A5 /* Release */,
			);
			defaultConfigurationIsVisible = 0;
			defaultConfigurationName = Release;
		};
		6EFBEF072BB3D8CF007944A5 /* Build configuration list for PBXNativeTarget "To-Do List App" */ = {
			isa = XCConfigurationList;
			buildConfigurations = (
				6EFBEF082BB3D8CF007944A5 /* Debug */,
				6EFBEF092BB3D8CF007944A5 /* Release */,
			);
			defaultConfigurationIsVisible = 0;
			defaultConfigurationName = Release;
		};
/* End XCConfigurationList section */

/* Begin XCRemoteSwiftPackageReference section */
		6EFBEF0A2BB3D93A007944A5 /* XCRemoteSwiftPackageReference "firebase-ios-sdk" */ = {
			isa = XCRemoteSwiftPackageReference;
			repositoryURL = "https://github.com/firebase/firebase-ios-sdk.git";
			requirement = {
				kind = upToNextMajorVersion;
				minimumVersion = 10.23.0;
			};
		};
/* End XCRemoteSwiftPackageReference section */

/* Begin XCSwiftPackageProductDependency section */
		6E93BDC12BB50FF600319B08 /* FirebaseAnalytics */ = {
			isa = XCSwiftPackageProductDependency;
			package = 6EFBEF0A2BB3D93A007944A5 /* XCRemoteSwiftPackageReference "firebase-ios-sdk" */;
			productName = FirebaseAnalytics;
		};
		6E93BDC32BB50FF600319B08 /* FirebaseAnalyticsOnDeviceConversion */ = {
			isa = XCSwiftPackageProductDependency;
			package = 6EFBEF0A2BB3D93A007944A5 /* XCRemoteSwiftPackageReference "firebase-ios-sdk" */;
			productName = FirebaseAnalyticsOnDeviceConversion;
		};
		6E93BDC52BB50FF600319B08 /* FirebaseAppCheck */ = {
			isa = XCSwiftPackageProductDependency;
			package = 6EFBEF0A2BB3D93A007944A5 /* XCRemoteSwiftPackageReference "firebase-ios-sdk" */;
			productName = FirebaseAppCheck;
		};
		6E93BDC72BB50FF600319B08 /* FirebaseAuth */ = {
			isa = XCSwiftPackageProductDependency;
			package = 6EFBEF0A2BB3D93A007944A5 /* XCRemoteSwiftPackageReference "firebase-ios-sdk" */;
			productName = FirebaseAuth;
		};
		6E93BDC92BB50FF600319B08 /* FirebaseFirestore */ = {
			isa = XCSwiftPackageProductDependency;
			package = 6EFBEF0A2BB3D93A007944A5 /* XCRemoteSwiftPackageReference "firebase-ios-sdk" */;
			productName = FirebaseFirestore;
		};
/* End XCSwiftPackageProductDependency section */
	};
	rootObject = 6EFBEEF12BB3D8CD007944A5 /* Project object */;
}
